
Microsoft Visual Studio Solution File, Format Version 12.00
# Visual Studio Version 16
VisualStudioVersion = 16.0.30114.105
MinimumVisualStudioVersion = 10.0.40219.1
Project("{FAE04EC0-301F-11D3-BF4B-00C04F79EFBC}") = "RessourcesLib", "RessourcesLib\RessourcesLib.csproj", "{34338551-6162-4573-A1C1-FBAECD3C8201}"
EndProject
Project("{FAE04EC0-301F-11D3-BF4B-00C04F79EFBC}") = "AppConsole", "AppConsole\AppConsole.csproj", "{FE864EDC-E424-464A-9096-0F46E0CE0F41}"
EndProject
Project("{FAE04EC0-301F-11D3-BF4B-00C04F79EFBC}") = "RessourcesLibTest", "RessourcesLibTest\RessourcesLibTest.csproj", "{96B865E6-7F58-41EE-9BA2-028DE575CF3A}"
EndProject
Global
	GlobalSection(SolutionConfigurationPlatforms) = preSolution
		Debug|Any CPU = Debug|Any CPU
		Debug|x64 = Debug|x64
		Debug|x86 = Debug|x86
		Release|Any CPU = Release|Any CPU
		Release|x64 = Release|x64
		Release|x86 = Release|x86
	EndGlobalSection
	GlobalSection(SolutionProperties) = preSolution
		HideSolutionNode = FALSE
	EndGlobalSection
	GlobalSection(ProjectConfigurationPlatforms) = postSolution
		{34338551-6162-4573-A1C1-FBAECD3C8201}.Debug|Any CPU.ActiveCfg = Debug|Any CPU
		{34338551-6162-4573-A1C1-FBAECD3C8201}.Debug|Any CPU.Build.0 = Debug|Any CPU
		{34338551-6162-4573-A1C1-FBAECD3C8201}.Debug|x64.ActiveCfg = Debug|Any CPU
		{34338551-6162-4573-A1C1-FBAECD3C8201}.Debug|x64.Build.0 = Debug|Any CPU
		{34338551-6162-4573-A1C1-FBAECD3C8201}.Debug|x86.ActiveCfg = Debug|Any CPU
		{34338551-6162-4573-A1C1-FBAECD3C8201}.Debug|x86.Build.0 = Debug|Any CPU
		{34338551-6162-4573-A1C1-FBAECD3C8201}.Release|Any CPU.ActiveCfg = Release|Any CPU
		{34338551-6162-4573-A1C1-FBAECD3C8201}.Release|Any CPU.Build.0 = Release|Any CPU
		{34338551-6162-4573-A1C1-FBAECD3C8201}.Release|x64.ActiveCfg = Release|Any CPU
		{34338551-6162-4573-A1C1-FBAECD3C8201}.Release|x64.Build.0 = Release|Any CPU
		{34338551-6162-4573-A1C1-FBAECD3C8201}.Release|x86.ActiveCfg = Release|Any CPU
		{34338551-6162-4573-A1C1-FBAECD3C8201}.Release|x86.Build.0 = Release|Any CPU
		{FE864EDC-E424-464A-9096-0F46E0CE0F41}.Debug|Any CPU.ActiveCfg = Debug|Any CPU
		{FE864EDC-E424-464A-9096-0F46E0CE0F41}.Debug|Any CPU.Build.0 = Debug|Any CPU
		{FE864EDC-E424-464A-9096-0F46E0CE0F41}.Debug|x64.ActiveCfg = Debug|Any CPU
		{FE864EDC-E424-464A-9096-0F46E0CE0F41}.Debug|x64.Build.0 = Debug|Any CPU
		{FE864EDC-E424-464A-9096-0F46E0CE0F41}.Debug|x86.ActiveCfg = Debug|Any CPU
		{FE864EDC-E424-464A-9096-0F46E0CE0F41}.Debug|x86.Build.0 = Debug|Any CPU
		{FE864EDC-E424-464A-9096-0F46E0CE0F41}.Release|Any CPU.ActiveCfg = Release|Any CPU
		{FE864EDC-E424-464A-9096-0F46E0CE0F41}.Release|Any CPU.Build.0 = Release|Any CPU
		{FE864EDC-E424-464A-9096-0F46E0CE0F41}.Release|x64.ActiveCfg = Release|Any CPU
		{FE864EDC-E424-464A-9096-0F46E0CE0F41}.Release|x64.Build.0 = Release|Any CPU
		{FE864EDC-E424-464A-9096-0F46E0CE0F41}.Release|x86.ActiveCfg = Release|Any CPU
		{FE864EDC-E424-464A-9096-0F46E0CE0F41}.Release|x86.Build.0 = Release|Any CPU
		{96B865E6-7F58-41EE-9BA2-028DE575CF3A}.Debug|Any CPU.ActiveCfg = Debug|Any CPU
		{96B865E6-7F58-41EE-9BA2-028DE575CF3A}.Debug|Any CPU.Build.0 = Debug|Any CPU
		{96B865E6-7F58-41EE-9BA2-028DE575CF3A}.Debug|x64.ActiveCfg = Debug|Any CPU
		{96B865E6-7F58-41EE-9BA2-028DE575CF3A}.Debug|x64.Build.0 = Debug|Any CPU
		{96B865E6-7F58-41EE-9BA2-028DE575CF3A}.Debug|x86.ActiveCfg = Debug|Any CPU
		{96B865E6-7F58-41EE-9BA2-028DE575CF3A}.Debug|x86.Build.0 = Debug|Any CPU
		{96B865E6-7F58-41EE-9BA2-028DE575CF3A}.Release|Any CPU.ActiveCfg = Release|Any CPU
		{96B865E6-7F58-41EE-9BA2-028DE575CF3A}.Release|Any CPU.Build.0 = Release|Any CPU
		{96B865E6-7F58-41EE-9BA2-028DE575CF3A}.Release|x64.ActiveCfg = Release|Any CPU
		{96B865E6-7F58-41EE-9BA2-028DE575CF3A}.Release|x64.Build.0 = Release|Any CPU
		{96B865E6-7F58-41EE-9BA2-028DE575CF3A}.Release|x86.ActiveCfg = Release|Any CPU
		{96B865E6-7F58-41EE-9BA2-028DE575CF3A}.Release|x86.Build.0 = Release|Any CPU
	EndGlobalSection
EndGlobal
