
Microsoft Visual Studio Solution File, Format Version 12.00
# Visual Studio Version 16
VisualStudioVersion = 16.0.30114.105
MinimumVisualStudioVersion = 10.0.40219.1
Project("{2150E333-8FDC-42A3-9474-1A3956D46DE8}") = "Sources", "Sources", "{7C1DA42F-DBF5-4B3D-9FDD-F08189C04DF6}"
EndProject
Project("{FAE04EC0-301F-11D3-BF4B-00C04F79EFBC}") = "ConsoleProg", "Sources\ConsoleProg\ConsoleProg.csproj", "{70D937B3-89DA-4CA0-90D9-5E6CD67E4FDF}"
EndProject
Project("{FAE04EC0-301F-11D3-BF4B-00C04F79EFBC}") = "Lib", "Sources\Lib\Lib.csproj", "{190D7A5D-5A96-43DB-925D-530735ADB468}"
EndProject
Project("{FAE04EC0-301F-11D3-BF4B-00C04F79EFBC}") = "test", "test\test.csproj", "{DDEFC051-3BD3-4EE5-B3A8-17AFAB7A81ED}"
EndProject
Global
	GlobalSection(SolutionConfigurationPlatforms) = preSolution
		Debug|Any CPU = Debug|Any CPU
		Debug|x64 = Debug|x64
		Debug|x86 = Debug|x86
		Release|Any CPU = Release|Any CPU
		Release|x64 = Release|x64
		Release|x86 = Release|x86
	EndGlobalSection
	GlobalSection(SolutionProperties) = preSolution
		HideSolutionNode = FALSE
	EndGlobalSection
	GlobalSection(ProjectConfigurationPlatforms) = postSolution
		{70D937B3-89DA-4CA0-90D9-5E6CD67E4FDF}.Debug|Any CPU.ActiveCfg = Debug|Any CPU
		{70D937B3-89DA-4CA0-90D9-5E6CD67E4FDF}.Debug|Any CPU.Build.0 = Debug|Any CPU
		{70D937B3-89DA-4CA0-90D9-5E6CD67E4FDF}.Debug|x64.ActiveCfg = Debug|Any CPU
		{70D937B3-89DA-4CA0-90D9-5E6CD67E4FDF}.Debug|x64.Build.0 = Debug|Any CPU
		{70D937B3-89DA-4CA0-90D9-5E6CD67E4FDF}.Debug|x86.ActiveCfg = Debug|Any CPU
		{70D937B3-89DA-4CA0-90D9-5E6CD67E4FDF}.Debug|x86.Build.0 = Debug|Any CPU
		{70D937B3-89DA-4CA0-90D9-5E6CD67E4FDF}.Release|Any CPU.ActiveCfg = Release|Any CPU
		{70D937B3-89DA-4CA0-90D9-5E6CD67E4FDF}.Release|Any CPU.Build.0 = Release|Any CPU
		{70D937B3-89DA-4CA0-90D9-5E6CD67E4FDF}.Release|x64.ActiveCfg = Release|Any CPU
		{70D937B3-89DA-4CA0-90D9-5E6CD67E4FDF}.Release|x64.Build.0 = Release|Any CPU
		{70D937B3-89DA-4CA0-90D9-5E6CD67E4FDF}.Release|x86.ActiveCfg = Release|Any CPU
		{70D937B3-89DA-4CA0-90D9-5E6CD67E4FDF}.Release|x86.Build.0 = Release|Any CPU
		{190D7A5D-5A96-43DB-925D-530735ADB468}.Debug|Any CPU.ActiveCfg = Debug|Any CPU
		{190D7A5D-5A96-43DB-925D-530735ADB468}.Debug|Any CPU.Build.0 = Debug|Any CPU
		{190D7A5D-5A96-43DB-925D-530735ADB468}.Debug|x64.ActiveCfg = Debug|Any CPU
		{190D7A5D-5A96-43DB-925D-530735ADB468}.Debug|x64.Build.0 = Debug|Any CPU
		{190D7A5D-5A96-43DB-925D-530735ADB468}.Debug|x86.ActiveCfg = Debug|Any CPU
		{190D7A5D-5A96-43DB-925D-530735ADB468}.Debug|x86.Build.0 = Debug|Any CPU
		{190D7A5D-5A96-43DB-925D-530735ADB468}.Release|Any CPU.ActiveCfg = Release|Any CPU
		{190D7A5D-5A96-43DB-925D-530735ADB468}.Release|Any CPU.Build.0 = Release|Any CPU
		{190D7A5D-5A96-43DB-925D-530735ADB468}.Release|x64.ActiveCfg = Release|Any CPU
		{190D7A5D-5A96-43DB-925D-530735ADB468}.Release|x64.Build.0 = Release|Any CPU
		{190D7A5D-5A96-43DB-925D-530735ADB468}.Release|x86.ActiveCfg = Release|Any CPU
		{190D7A5D-5A96-43DB-925D-530735ADB468}.Release|x86.Build.0 = Release|Any CPU
		{DDEFC051-3BD3-4EE5-B3A8-17AFAB7A81ED}.Debug|Any CPU.ActiveCfg = Debug|Any CPU
		{DDEFC051-3BD3-4EE5-B3A8-17AFAB7A81ED}.Debug|Any CPU.Build.0 = Debug|Any CPU
		{DDEFC051-3BD3-4EE5-B3A8-17AFAB7A81ED}.Debug|x64.ActiveCfg = Debug|Any CPU
		{DDEFC051-3BD3-4EE5-B3A8-17AFAB7A81ED}.Debug|x64.Build.0 = Debug|Any CPU
		{DDEFC051-3BD3-4EE5-B3A8-17AFAB7A81ED}.Debug|x86.ActiveCfg = Debug|Any CPU
		{DDEFC051-3BD3-4EE5-B3A8-17AFAB7A81ED}.Debug|x86.Build.0 = Debug|Any CPU
		{DDEFC051-3BD3-4EE5-B3A8-17AFAB7A81ED}.Release|Any CPU.ActiveCfg = Release|Any CPU
		{DDEFC051-3BD3-4EE5-B3A8-17AFAB7A81ED}.Release|Any CPU.Build.0 = Release|Any CPU
		{DDEFC051-3BD3-4EE5-B3A8-17AFAB7A81ED}.Release|x64.ActiveCfg = Release|Any CPU
		{DDEFC051-3BD3-4EE5-B3A8-17AFAB7A81ED}.Release|x64.Build.0 = Release|Any CPU
		{DDEFC051-3BD3-4EE5-B3A8-17AFAB7A81ED}.Release|x86.ActiveCfg = Release|Any CPU
		{DDEFC051-3BD3-4EE5-B3A8-17AFAB7A81ED}.Release|x86.Build.0 = Release|Any CPU
	EndGlobalSection
	GlobalSection(NestedProjects) = preSolution
		{70D937B3-89DA-4CA0-90D9-5E6CD67E4FDF} = {7C1DA42F-DBF5-4B3D-9FDD-F08189C04DF6}
		{190D7A5D-5A96-43DB-925D-530735ADB468} = {7C1DA42F-DBF5-4B3D-9FDD-F08189C04DF6}
	EndGlobalSection
EndGlobal
